
Microsoft Visual Studio Solution File, Format Version 12.00
# Visual Studio Version 16
VisualStudioVersion = 16.0.29503.13
MinimumVisualStudioVersion = 10.0.40219.1
Project("{FAE04EC0-301F-11D3-BF4B-00C04F79EFBC}") = "Морской_Бой", "Морской_Бой.csproj", "{DEDCFD57-24BD-428F-837A-E1D4D9CB8ED7}"
EndProject
Global
	GlobalSection(SolutionConfigurationPlatforms) = preSolution
		Debug|Any CPU = Debug|Any CPU
		Release|Any CPU = Release|Any CPU
	EndGlobalSection
	GlobalSection(ProjectConfigurationPlatforms) = postSolution
		{DEDCFD57-24BD-428F-837A-E1D4D9CB8ED7}.Debug|Any CPU.ActiveCfg = Debug|Any CPU
		{DEDCFD57-24BD-428F-837A-E1D4D9CB8ED7}.Debug|Any CPU.Build.0 = Debug|Any CPU
		{DEDCFD57-24BD-428F-837A-E1D4D9CB8ED7}.Release|Any CPU.ActiveCfg = Release|Any CPU
		{DEDCFD57-24BD-428F-837A-E1D4D9CB8ED7}.Release|Any CPU.Build.0 = Release|Any CPU
	EndGlobalSection
	GlobalSection(SolutionProperties) = preSolution
		HideSolutionNode = FALSE
	EndGlobalSection
	GlobalSection(ExtensibilityGlobals) = postSolution
		SolutionGuid = {1A79D55C-C36E-4F95-8054-17FEEB9A221B}
	EndGlobalSection
EndGlobal
